// !$*UTF8*$!
{
	archiveVersion = 1;
	classes = {
	};
	objectVersion = 46;
	objects = {

/* Begin PBXBuildFile section */
		4B79A34219C6FAE10000CF6B /* Foundation.framework in Frameworks */ = {isa = PBXBuildFile; fileRef = 4B79A34119C6FAE00000CF6B /* Foundation.framework */; };
		4B79A34419C6FAE10000CF6B /* CoreGraphics.framework in Frameworks */ = {isa = PBXBuildFile; fileRef = 4B79A34319C6FAE10000CF6B /* CoreGraphics.framework */; };
		4B79A34619C6FAE10000CF6B /* UIKit.framework in Frameworks */ = {isa = PBXBuildFile; fileRef = 4B79A34519C6FAE10000CF6B /* UIKit.framework */; };
		4B79A34C19C6FAE10000CF6B /* InfoPlist.strings in Resources */ = {isa = PBXBuildFile; fileRef = 4B79A34A19C6FAE10000CF6B /* InfoPlist.strings */; };
		4B79A34E19C6FAE10000CF6B /* main.m in Sources */ = {isa = PBXBuildFile; fileRef = 4B79A34D19C6FAE10000CF6B /* main.m */; };
		4B79A35219C6FAE10000CF6B /* AppDelegate.m in Sources */ = {isa = PBXBuildFile; fileRef = 4B79A35119C6FAE10000CF6B /* AppDelegate.m */; };
		4B79A35519C6FAE10000CF6B /* Main_iPhone.storyboard in Resources */ = {isa = PBXBuildFile; fileRef = 4B79A35319C6FAE10000CF6B /* Main_iPhone.storyboard */; };
		4B79A35819C6FAE10000CF6B /* Main_iPad.storyboard in Resources */ = {isa = PBXBuildFile; fileRef = 4B79A35619C6FAE10000CF6B /* Main_iPad.storyboard */; };
		4B79A35B19C6FAE10000CF6B /* ViewController.m in Sources */ = {isa = PBXBuildFile; fileRef = 4B79A35A19C6FAE10000CF6B /* ViewController.m */; };
		4B79A35D19C6FAE10000CF6B /* Images.xcassets in Resources */ = {isa = PBXBuildFile; fileRef = 4B79A35C19C6FAE10000CF6B /* Images.xcassets */; };
		4B79A36419C6FAE10000CF6B /* XCTest.framework in Frameworks */ = {isa = PBXBuildFile; fileRef = 4B79A36319C6FAE10000CF6B /* XCTest.framework */; };
		4B79A36519C6FAE10000CF6B /* Foundation.framework in Frameworks */ = {isa = PBXBuildFile; fileRef = 4B79A34119C6FAE00000CF6B /* Foundation.framework */; };
		4B79A36619C6FAE10000CF6B /* UIKit.framework in Frameworks */ = {isa = PBXBuildFile; fileRef = 4B79A34519C6FAE10000CF6B /* UIKit.framework */; };
		4B79A36E19C6FAE10000CF6B /* InfoPlist.strings in Resources */ = {isa = PBXBuildFile; fileRef = 4B79A36C19C6FAE10000CF6B /* InfoPlist.strings */; };
		4B79A37019C6FAE10000CF6B /* BlurDemoTests.m in Sources */ = {isa = PBXBuildFile; fileRef = 4B79A36F19C6FAE10000CF6B /* BlurDemoTests.m */; };
		4B79A37C19C6FB1C0000CF6B /* UIImage+TPBlurImage.m in Sources */ = {isa = PBXBuildFile; fileRef = 4B79A37B19C6FB1C0000CF6B /* UIImage+TPBlurImage.m */; };
		4B79A37E19C6FBD30000CF6B /* QuartzCore.framework in Frameworks */ = {isa = PBXBuildFile; fileRef = 4B79A37D19C6FBD30000CF6B /* QuartzCore.framework */; };
		4B79A38119C6FC650000CF6B /* BlurViewCntrl.m in Sources */ = {isa = PBXBuildFile; fileRef = 4B79A38019C6FC650000CF6B /* BlurViewCntrl.m */; };
		4B79A38519C701B00000CF6B /* flags_usa_american_flag_redneck_1920x1080_37985.jpg in Resources */ = {isa = PBXBuildFile; fileRef = 4B79A38419C701B00000CF6B /* flags_usa_american_flag_redneck_1920x1080_37985.jpg */; };
/* End PBXBuildFile section */

/* Begin PBXContainerItemProxy section */
		4B79A36719C6FAE10000CF6B /* PBXContainerItemProxy */ = {
			isa = PBXContainerItemProxy;
			containerPortal = 4B79A33619C6FAE00000CF6B /* Project object */;
			proxyType = 1;
			remoteGlobalIDString = 4B79A33D19C6FAE00000CF6B;
			remoteInfo = BlurDemo;
		};
/* End PBXContainerItemProxy section */

/* Begin PBXFileReference section */
		4B79A33E19C6FAE00000CF6B /* BlurDemo.app */ = {isa = PBXFileReference; explicitFileType = wrapper.application; includeInIndex = 0; path = BlurDemo.app; sourceTree = BUILT_PRODUCTS_DIR; };
		4B79A34119C6FAE00000CF6B /* Foundation.framework */ = {isa = PBXFileReference; lastKnownFileType = wrapper.framework; name = Foundation.framework; path = System/Library/Frameworks/Foundation.framework; sourceTree = SDKROOT; };
		4B79A34319C6FAE10000CF6B /* CoreGraphics.framework */ = {isa = PBXFileReference; lastKnownFileType = wrapper.framework; name = CoreGraphics.framework; path = System/Library/Frameworks/CoreGraphics.framework; sourceTree = SDKROOT; };
		4B79A34519C6FAE10000CF6B /* UIKit.framework */ = {isa = PBXFileReference; lastKnownFileType = wrapper.framework; name = UIKit.framework; path = System/Library/Frameworks/UIKit.framework; sourceTree = SDKROOT; };
		4B79A34919C6FAE10000CF6B /* BlurDemo-Info.plist */ = {isa = PBXFileReference; lastKnownFileType = text.plist.xml; path = "BlurDemo-Info.plist"; sourceTree = "<group>"; };
		4B79A34B19C6FAE10000CF6B /* en */ = {isa = PBXFileReference; lastKnownFileType = text.plist.strings; name = en; path = en.lproj/InfoPlist.strings; sourceTree = "<group>"; };
		4B79A34D19C6FAE10000CF6B /* main.m */ = {isa = PBXFileReference; lastKnownFileType = sourcecode.c.objc; path = main.m; sourceTree = "<group>"; };
		4B79A34F19C6FAE10000CF6B /* BlurDemo-Prefix.pch */ = {isa = PBXFileReference; lastKnownFileType = sourcecode.c.h; path = "BlurDemo-Prefix.pch"; sourceTree = "<group>"; };
		4B79A35019C6FAE10000CF6B /* AppDelegate.h */ = {isa = PBXFileReference; lastKnownFileType = sourcecode.c.h; path = AppDelegate.h; sourceTree = "<group>"; };
		4B79A35119C6FAE10000CF6B /* AppDelegate.m */ = {isa = PBXFileReference; lastKnownFileType = sourcecode.c.objc; path = AppDelegate.m; sourceTree = "<group>"; };
		4B79A35419C6FAE10000CF6B /* Base */ = {isa = PBXFileReference; lastKnownFileType = file.storyboard; name = Base; path = Base.lproj/Main_iPhone.storyboard; sourceTree = "<group>"; };
		4B79A35719C6FAE10000CF6B /* Base */ = {isa = PBXFileReference; lastKnownFileType = file.storyboard; name = Base; path = Base.lproj/Main_iPad.storyboard; sourceTree = "<group>"; };
		4B79A35919C6FAE10000CF6B /* ViewController.h */ = {isa = PBXFileReference; lastKnownFileType = sourcecode.c.h; path = ViewController.h; sourceTree = "<group>"; };
		4B79A35A19C6FAE10000CF6B /* ViewController.m */ = {isa = PBXFileReference; lastKnownFileType = sourcecode.c.objc; path = ViewController.m; sourceTree = "<group>"; };
		4B79A35C19C6FAE10000CF6B /* Images.xcassets */ = {isa = PBXFileReference; lastKnownFileType = folder.assetcatalog; path = Images.xcassets; sourceTree = "<group>"; };
		4B79A36219C6FAE10000CF6B /* BlurDemoTests.xctest */ = {isa = PBXFileReference; explicitFileType = wrapper.cfbundle; includeInIndex = 0; path = BlurDemoTests.xctest; sourceTree = BUILT_PRODUCTS_DIR; };
		4B79A36319C6FAE10000CF6B /* XCTest.framework */ = {isa = PBXFileReference; lastKnownFileType = wrapper.framework; name = XCTest.framework; path = Library/Frameworks/XCTest.framework; sourceTree = DEVELOPER_DIR; };
		4B79A36B19C6FAE10000CF6B /* BlurDemoTests-Info.plist */ = {isa = PBXFileReference; lastKnownFileType = text.plist.xml; path = "BlurDemoTests-Info.plist"; sourceTree = "<group>"; };
		4B79A36D19C6FAE10000CF6B /* en */ = {isa = PBXFileReference; lastKnownFileType = text.plist.strings; name = en; path = en.lproj/InfoPlist.strings; sourceTree = "<group>"; };
		4B79A36F19C6FAE10000CF6B /* BlurDemoTests.m */ = {isa = PBXFileReference; lastKnownFileType = sourcecode.c.objc; path = BlurDemoTests.m; sourceTree = "<group>"; };
		4B79A37A19C6FB1C0000CF6B /* UIImage+TPBlurImage.h */ = {isa = PBXFileReference; fileEncoding = 4; lastKnownFileType = sourcecode.c.h; path = "UIImage+TPBlurImage.h"; sourceTree = "<group>"; };
		4B79A37B19C6FB1C0000CF6B /* UIImage+TPBlurImage.m */ = {isa = PBXFileReference; fileEncoding = 4; lastKnownFileType = sourcecode.c.objc; path = "UIImage+TPBlurImage.m"; sourceTree = "<group>"; };
		4B79A37D19C6FBD30000CF6B /* QuartzCore.framework */ = {isa = PBXFileReference; lastKnownFileType = wrapper.framework; name = QuartzCore.framework; path = System/Library/Frameworks/QuartzCore.framework; sourceTree = SDKROOT; };
		4B79A37F19C6FC650000CF6B /* BlurViewCntrl.h */ = {isa = PBXFileReference; fileEncoding = 4; lastKnownFileType = sourcecode.c.h; path = BlurViewCntrl.h; sourceTree = "<group>"; };
		4B79A38019C6FC650000CF6B /* BlurViewCntrl.m */ = {isa = PBXFileReference; fileEncoding = 4; lastKnownFileType = sourcecode.c.objc; path = BlurViewCntrl.m; sourceTree = "<group>"; };
		4B79A38419C701B00000CF6B /* flags_usa_american_flag_redneck_1920x1080_37985.jpg */ = {isa = PBXFileReference; lastKnownFileType = image.jpeg; path = flags_usa_american_flag_redneck_1920x1080_37985.jpg; sourceTree = "<group>"; };
/* End PBXFileReference section */

/* Begin PBXFrameworksBuildPhase section */
		4B79A33B19C6FAE00000CF6B /* Frameworks */ = {
			isa = PBXFrameworksBuildPhase;
			buildActionMask = 2147483647;
			files = (
				4B79A37E19C6FBD30000CF6B /* QuartzCore.framework in Frameworks */,
				4B79A34419C6FAE10000CF6B /* CoreGraphics.framework in Frameworks */,
				4B79A34619C6FAE10000CF6B /* UIKit.framework in Frameworks */,
				4B79A34219C6FAE10000CF6B /* Foundation.framework in Frameworks */,
			);
			runOnlyForDeploymentPostprocessing = 0;
		};
		4B79A35F19C6FAE10000CF6B /* Frameworks */ = {
			isa = PBXFrameworksBuildPhase;
			buildActionMask = 2147483647;
			files = (
				4B79A36419C6FAE10000CF6B /* XCTest.framework in Frameworks */,
				4B79A36619C6FAE10000CF6B /* UIKit.framework in Frameworks */,
				4B79A36519C6FAE10000CF6B /* Foundation.framework in Frameworks */,
			);
			runOnlyForDeploymentPostprocessing = 0;
		};
/* End PBXFrameworksBuildPhase section */

/* Begin PBXGroup section */
		4B79A33519C6FAE00000CF6B = {
			isa = PBXGroup;
			children = (
				4B79A34719C6FAE10000CF6B /* BlurDemo */,
				4B79A36919C6FAE10000CF6B /* BlurDemoTests */,
				4B79A34019C6FAE00000CF6B /* Frameworks */,
				4B79A33F19C6FAE00000CF6B /* Products */,
			);
			sourceTree = "<group>";
		};
		4B79A33F19C6FAE00000CF6B /* Products */ = {
			isa = PBXGroup;
			children = (
				4B79A33E19C6FAE00000CF6B /* BlurDemo.app */,
				4B79A36219C6FAE10000CF6B /* BlurDemoTests.xctest */,
			);
			name = Products;
			sourceTree = "<group>";
		};
		4B79A34019C6FAE00000CF6B /* Frameworks */ = {
			isa = PBXGroup;
			children = (
				4B79A37D19C6FBD30000CF6B /* QuartzCore.framework */,
				4B79A34119C6FAE00000CF6B /* Foundation.framework */,
				4B79A34319C6FAE10000CF6B /* CoreGraphics.framework */,
				4B79A34519C6FAE10000CF6B /* UIKit.framework */,
				4B79A36319C6FAE10000CF6B /* XCTest.framework */,
			);
			name = Frameworks;
			sourceTree = "<group>";
		};
		4B79A34719C6FAE10000CF6B /* BlurDemo */ = {
			isa = PBXGroup;
			children = (
				4B79A37919C6FB050000CF6B /* Blur */,
				4B79A35019C6FAE10000CF6B /* AppDelegate.h */,
				4B79A35119C6FAE10000CF6B /* AppDelegate.m */,
				4B79A35319C6FAE10000CF6B /* Main_iPhone.storyboard */,
				4B79A35619C6FAE10000CF6B /* Main_iPad.storyboard */,
				4B79A35919C6FAE10000CF6B /* ViewController.h */,
				4B79A35A19C6FAE10000CF6B /* ViewController.m */,
				4B79A35C19C6FAE10000CF6B /* Images.xcassets */,
				4B79A34819C6FAE10000CF6B /* Supporting Files */,
				4B79A37F19C6FC650000CF6B /* BlurViewCntrl.h */,
				4B79A38019C6FC650000CF6B /* BlurViewCntrl.m */,
			);
			path = BlurDemo;
			sourceTree = "<group>";
		};
		4B79A34819C6FAE10000CF6B /* Supporting Files */ = {
			isa = PBXGroup;
			children = (
				4B79A38419C701B00000CF6B /* flags_usa_american_flag_redneck_1920x1080_37985.jpg */,
				4B79A34919C6FAE10000CF6B /* BlurDemo-Info.plist */,
				4B79A34A19C6FAE10000CF6B /* InfoPlist.strings */,
				4B79A34D19C6FAE10000CF6B /* main.m */,
				4B79A34F19C6FAE10000CF6B /* BlurDemo-Prefix.pch */,
			);
			name = "Supporting Files";
			sourceTree = "<group>";
		};
		4B79A36919C6FAE10000CF6B /* BlurDemoTests */ = {
			isa = PBXGroup;
			children = (
				4B79A36F19C6FAE10000CF6B /* BlurDemoTests.m */,
				4B79A36A19C6FAE10000CF6B /* Supporting Files */,
			);
			path = BlurDemoTests;
			sourceTree = "<group>";
		};
		4B79A36A19C6FAE10000CF6B /* Supporting Files */ = {
			isa = PBXGroup;
			children = (
				4B79A36B19C6FAE10000CF6B /* BlurDemoTests-Info.plist */,
				4B79A36C19C6FAE10000CF6B /* InfoPlist.strings */,
			);
			name = "Supporting Files";
			sourceTree = "<group>";
		};
		4B79A37919C6FB050000CF6B /* Blur */ = {
			isa = PBXGroup;
			children = (
				4B79A37A19C6FB1C0000CF6B /* UIImage+TPBlurImage.h */,
				4B79A37B19C6FB1C0000CF6B /* UIImage+TPBlurImage.m */,
			);
			name = Blur;
			sourceTree = "<group>";
		};
/* End PBXGroup section */

/* Begin PBXNativeTarget section */
		4B79A33D19C6FAE00000CF6B /* BlurDemo */ = {
			isa = PBXNativeTarget;
			buildConfigurationList = 4B79A37319C6FAE10000CF6B /* Build configuration list for PBXNativeTarget "BlurDemo" */;
			buildPhases = (
				4B79A33A19C6FAE00000CF6B /* Sources */,
				4B79A33B19C6FAE00000CF6B /* Frameworks */,
				4B79A33C19C6FAE00000CF6B /* Resources */,
			);
			buildRules = (
			);
			dependencies = (
			);
			name = BlurDemo;
			productName = BlurDemo;
			productReference = 4B79A33E19C6FAE00000CF6B /* BlurDemo.app */;
			productType = "com.apple.product-type.application";
		};
		4B79A36119C6FAE10000CF6B /* BlurDemoTests */ = {
			isa = PBXNativeTarget;
			buildConfigurationList = 4B79A37619C6FAE10000CF6B /* Build configuration list for PBXNativeTarget "BlurDemoTests" */;
			buildPhases = (
				4B79A35E19C6FAE10000CF6B /* Sources */,
				4B79A35F19C6FAE10000CF6B /* Frameworks */,
				4B79A36019C6FAE10000CF6B /* Resources */,
			);
			buildRules = (
			);
			dependencies = (
				4B79A36819C6FAE10000CF6B /* PBXTargetDependency */,
			);
			name = BlurDemoTests;
			productName = BlurDemoTests;
			productReference = 4B79A36219C6FAE10000CF6B /* BlurDemoTests.xctest */;
			productType = "com.apple.product-type.bundle.unit-test";
		};
/* End PBXNativeTarget section */

/* Begin PBXProject section */
		4B79A33619C6FAE00000CF6B /* Project object */ = {
			isa = PBXProject;
			attributes = {
				LastUpgradeCheck = 0510;
				ORGANIZATIONNAME = TechnoPote;
				TargetAttributes = {
					4B79A36119C6FAE10000CF6B = {
						TestTargetID = 4B79A33D19C6FAE00000CF6B;
					};
				};
			};
			buildConfigurationList = 4B79A33919C6FAE00000CF6B /* Build configuration list for PBXProject "BlurDemo" */;
			compatibilityVersion = "Xcode 3.2";
			developmentRegion = English;
			hasScannedForEncodings = 0;
			knownRegions = (
				en,
				Base,
			);
			mainGroup = 4B79A33519C6FAE00000CF6B;
			productRefGroup = 4B79A33F19C6FAE00000CF6B /* Products */;
			projectDirPath = "";
			projectRoot = "";
			targets = (
				4B79A33D19C6FAE00000CF6B /* BlurDemo */,
				4B79A36119C6FAE10000CF6B /* BlurDemoTests */,
			);
		};
/* End PBXProject section */

/* Begin PBXResourcesBuildPhase section */
		4B79A33C19C6FAE00000CF6B /* Resources */ = {
			isa = PBXResourcesBuildPhase;
			buildActionMask = 2147483647;
			files = (
				4B79A38519C701B00000CF6B /* flags_usa_american_flag_redneck_1920x1080_37985.jpg in Resources */,
				4B79A35819C6FAE10000CF6B /* Main_iPad.storyboard in Resources */,
				4B79A35D19C6FAE10000CF6B /* Images.xcassets in Resources */,
				4B79A35519C6FAE10000CF6B /* Main_iPhone.storyboard in Resources */,
				4B79A34C19C6FAE10000CF6B /* InfoPlist.strings in Resources */,
			);
			runOnlyForDeploymentPostprocessing = 0;
		};
		4B79A36019C6FAE10000CF6B /* Resources */ = {
			isa = PBXResourcesBuildPhase;
			buildActionMask = 2147483647;
			files = (
				4B79A36E19C6FAE10000CF6B /* InfoPlist.strings in Resources */,
			);
			runOnlyForDeploymentPostprocessing = 0;
		};
/* End PBXResourcesBuildPhase section */

/* Begin PBXSourcesBuildPhase section */
		4B79A33A19C6FAE00000CF6B /* Sources */ = {
			isa = PBXSourcesBuildPhase;
			buildActionMask = 2147483647;
			files = (
				4B79A37C19C6FB1C0000CF6B /* UIImage+TPBlurImage.m in Sources */,
				4B79A35B19C6FAE10000CF6B /* ViewController.m in Sources */,
				4B79A38119C6FC650000CF6B /* BlurViewCntrl.m in Sources */,
				4B79A35219C6FAE10000CF6B /* AppDelegate.m in Sources */,
				4B79A34E19C6FAE10000CF6B /* main.m in Sources */,
			);
			runOnlyForDeploymentPostprocessing = 0;
		};
		4B79A35E19C6FAE10000CF6B /* Sources */ = {
			isa = PBXSourcesBuildPhase;
			buildActionMask = 2147483647;
			files = (
				4B79A37019C6FAE10000CF6B /* BlurDemoTests.m in Sources */,
			);
			runOnlyForDeploymentPostprocessing = 0;
		};
/* End PBXSourcesBuildPhase section */

/* Begin PBXTargetDependency section */
		4B79A36819C6FAE10000CF6B /* PBXTargetDependency */ = {
			isa = PBXTargetDependency;
			target = 4B79A33D19C6FAE00000CF6B /* BlurDemo */;
			targetProxy = 4B79A36719C6FAE10000CF6B /* PBXContainerItemProxy */;
		};
/* End PBXTargetDependency section */

/* Begin PBXVariantGroup section */
		4B79A34A19C6FAE10000CF6B /* InfoPlist.strings */ = {
			isa = PBXVariantGroup;
			children = (
				4B79A34B19C6FAE10000CF6B /* en */,
			);
			name = InfoPlist.strings;
			sourceTree = "<group>";
		};
		4B79A35319C6FAE10000CF6B /* Main_iPhone.storyboard */ = {
			isa = PBXVariantGroup;
			children = (
				4B79A35419C6FAE10000CF6B /* Base */,
			);
			name = Main_iPhone.storyboard;
			sourceTree = "<group>";
		};
		4B79A35619C6FAE10000CF6B /* Main_iPad.storyboard */ = {
			isa = PBXVariantGroup;
			children = (
				4B79A35719C6FAE10000CF6B /* Base */,
			);
			name = Main_iPad.storyboard;
			sourceTree = "<group>";
		};
		4B79A36C19C6FAE10000CF6B /* InfoPlist.strings */ = {
			isa = PBXVariantGroup;
			children = (
				4B79A36D19C6FAE10000CF6B /* en */,
			);
			name = InfoPlist.strings;
			sourceTree = "<group>";
		};
/* End PBXVariantGroup section */

/* Begin XCBuildConfiguration section */
		4B79A37119C6FAE10000CF6B /* Debug */ = {
			isa = XCBuildConfiguration;
			buildSettings = {
				ALWAYS_SEARCH_USER_PATHS = NO;
				CLANG_CXX_LANGUAGE_STANDARD = "gnu++0x";
				CLANG_CXX_LIBRARY = "libc++";
				CLANG_ENABLE_MODULES = YES;
				CLANG_ENABLE_OBJC_ARC = YES;
				CLANG_WARN_BOOL_CONVERSION = YES;
				CLANG_WARN_CONSTANT_CONVERSION = YES;
				CLANG_WARN_DIRECT_OBJC_ISA_USAGE = YES_ERROR;
				CLANG_WARN_EMPTY_BODY = YES;
				CLANG_WARN_ENUM_CONVERSION = YES;
				CLANG_WARN_INT_CONVERSION = YES;
				CLANG_WARN_OBJC_ROOT_CLASS = YES_ERROR;
				CLANG_WARN__DUPLICATE_METHOD_MATCH = YES;
				"CODE_SIGN_IDENTITY[sdk=iphoneos*]" = "iPhone Developer";
				COPY_PHASE_STRIP = NO;
				GCC_C_LANGUAGE_STANDARD = gnu99;
				GCC_DYNAMIC_NO_PIC = NO;
				GCC_OPTIMIZATION_LEVEL = 0;
				GCC_PREPROCESSOR_DEFINITIONS = (
					"DEBUG=1",
					"$(inherited)",
				);
				GCC_SYMBOLS_PRIVATE_EXTERN = NO;
				GCC_WARN_64_TO_32_BIT_CONVERSION = YES;
				GCC_WARN_ABOUT_RETURN_TYPE = YES_ERROR;
				GCC_WARN_UNDECLARED_SELECTOR = YES;
				GCC_WARN_UNINITIALIZED_AUTOS = YES_AGGRESSIVE;
				GCC_WARN_UNUSED_FUNCTION = YES;
				GCC_WARN_UNUSED_VARIABLE = YES;
				IPHONEOS_DEPLOYMENT_TARGET = 7.1;
				ONLY_ACTIVE_ARCH = YES;
				SDKROOT = iphoneos;
				TARGETED_DEVICE_FAMILY = "1,2";
			};
			name = Debug;
		};
		4B79A37219C6FAE10000CF6B /* Release */ = {
			isa = XCBuildConfiguration;
			buildSettings = {
				ALWAYS_SEARCH_USER_PATHS = NO;
				CLANG_CXX_LANGUAGE_STANDARD = "gnu++0x";
				CLANG_CXX_LIBRARY = "libc++";
				CLANG_ENABLE_MODULES = YES;
				CLANG_ENABLE_OBJC_ARC = YES;
				CLANG_WARN_BOOL_CONVERSION = YES;
				CLANG_WARN_CONSTANT_CONVERSION = YES;
				CLANG_WARN_DIRECT_OBJC_ISA_USAGE = YES_ERROR;
				CLANG_WARN_EMPTY_BODY = YES;
				CLANG_WARN_ENUM_CONVERSION = YES;
				CLANG_WARN_INT_CONVERSION = YES;
				CLANG_WARN_OBJC_ROOT_CLASS = YES_ERROR;
				CLANG_WARN__DUPLICATE_METHOD_MATCH = YES;
				"CODE_SIGN_IDENTITY[sdk=iphoneos*]" = "iPhone Developer";
				COPY_PHASE_STRIP = YES;
				ENABLE_NS_ASSERTIONS = NO;
				GCC_C_LANGUAGE_STANDARD = gnu99;
				GCC_WARN_64_TO_32_BIT_CONVERSION = YES;
				GCC_WARN_ABOUT_RETURN_TYPE = YES_ERROR;
				GCC_WARN_UNDECLARED_SELECTOR = YES;
				GCC_WARN_UNINITIALIZED_AUTOS = YES_AGGRESSIVE;
				GCC_WARN_UNUSED_FUNCTION = YES;
				GCC_WARN_UNUSED_VARIABLE = YES;
				IPHONEOS_DEPLOYMENT_TARGET = 7.1;
				SDKROOT = iphoneos;
				TARGETED_DEVICE_FAMILY = "1,2";
				VALIDATE_PRODUCT = YES;
			};
			name = Release;
		};
		4B79A37419C6FAE10000CF6B /* Debug */ = {
			isa = XCBuildConfiguration;
			buildSettings = {
				ASSETCATALOG_COMPILER_APPICON_NAME = AppIcon;
				ASSETCATALOG_COMPILER_LAUNCHIMAGE_NAME = LaunchImage;
				GCC_PRECOMPILE_PREFIX_HEADER = YES;
				GCC_PREFIX_HEADER = "BlurDemo/BlurDemo-Prefix.pch";
				INFOPLIST_FILE = "BlurDemo/BlurDemo-Info.plist";
				PRODUCT_NAME = "$(TARGET_NAME)";
				WRAPPER_EXTENSION = app;
			};
			name = Debug;
		};
		4B79A37519C6FAE10000CF6B /* Release */ = {
			isa = XCBuildConfiguration;
			buildSettings = {
				ASSETCATALOG_COMPILER_APPICON_NAME = AppIcon;
				ASSETCATALOG_COMPILER_LAUNCHIMAGE_NAME = LaunchImage;
				GCC_PRECOMPILE_PREFIX_HEADER = YES;
				GCC_PREFIX_HEADER = "BlurDemo/BlurDemo-Prefix.pch";
				INFOPLIST_FILE = "BlurDemo/BlurDemo-Info.plist";
				PRODUCT_NAME = "$(TARGET_NAME)";
				WRAPPER_EXTENSION = app;
			};
			name = Release;
		};
		4B79A37719C6FAE10000CF6B /* Debug */ = {
			isa = XCBuildConfiguration;
			buildSettings = {
				BUNDLE_LOADER = "$(BUILT_PRODUCTS_DIR)/BlurDemo.app/BlurDemo";
				FRAMEWORK_SEARCH_PATHS = (
					"$(SDKROOT)/Developer/Library/Frameworks",
					"$(inherited)",
					"$(DEVELOPER_FRAMEWORKS_DIR)",
				);
				GCC_PRECOMPILE_PREFIX_HEADER = YES;
				GCC_PREFIX_HEADER = "BlurDemo/BlurDemo-Prefix.pch";
				GCC_PREPROCESSOR_DEFINITIONS = (
					"DEBUG=1",
					"$(inherited)",
				);
				INFOPLIST_FILE = "BlurDemoTests/BlurDemoTests-Info.plist";
				PRODUCT_NAME = "$(TARGET_NAME)";
				TEST_HOST = "$(BUNDLE_LOADER)";
				WRAPPER_EXTENSION = xctest;
			};
			name = Debug;
		};
		4B79A37819C6FAE10000CF6B /* Release */ = {
			isa = XCBuildConfiguration;
			buildSettings = {
				BUNDLE_LOADER = "$(BUILT_PRODUCTS_DIR)/BlurDemo.app/BlurDemo";
				FRAMEWORK_SEARCH_PATHS = (
					"$(SDKROOT)/Developer/Library/Frameworks",
					"$(inherited)",
					"$(DEVELOPER_FRAMEWORKS_DIR)",
				);
				GCC_PRECOMPILE_PREFIX_HEADER = YES;
				GCC_PREFIX_HEADER = "BlurDemo/BlurDemo-Prefix.pch";
				INFOPLIST_FILE = "BlurDemoTests/BlurDemoTests-Info.plist";
				PRODUCT_NAME = "$(TARGET_NAME)";
				TEST_HOST = "$(BUNDLE_LOADER)";
				WRAPPER_EXTENSION = xctest;
			};
			name = Release;
		};
/* End XCBuildConfiguration section */

/* Begin XCConfigurationList section */
		4B79A33919C6FAE00000CF6B /* Build configuration list for PBXProject "BlurDemo" */ = {
			isa = XCConfigurationList;
			buildConfigurations = (
				4B79A37119C6FAE10000CF6B /* Debug */,
				4B79A37219C6FAE10000CF6B /* Release */,
			);
			defaultConfigurationIsVisible = 0;
			defaultConfigurationName = Release;
		};
		4B79A37319C6FAE10000CF6B /* Build configuration list for PBXNativeTarget "BlurDemo" */ = {
			isa = XCConfigurationList;
			buildConfigurations = (
				4B79A37419C6FAE10000CF6B /* Debug */,
				4B79A37519C6FAE10000CF6B /* Release */,
			);
			defaultConfigurationIsVisible = 0;
			defaultConfigurationName = Release;
		};
		4B79A37619C6FAE10000CF6B /* Build configuration list for PBXNativeTarget "BlurDemoTests" */ = {
			isa = XCConfigurationList;
			buildConfigurations = (
				4B79A37719C6FAE10000CF6B /* Debug */,
				4B79A37819C6FAE10000CF6B /* Release */,
			);
			defaultConfigurationIsVisible = 0;
			defaultConfigurationName = Release;
		};
/* End XCConfigurationList section */
	};
	rootObject = 4B79A33619C6FAE00000CF6B /* Project object */;
}
